
Microsoft Visual Studio Solution File, Format Version 12.00
# Visual Studio Version 16
VisualStudioVersion = 16.0.29209.62
MinimumVisualStudioVersion = 10.0.40219.1
Project("{FAE04EC0-301F-11D3-BF4B-00C04F79EFBC}") = "Employee", "Employee\Employee.csproj", "{55083A6E-F0F4-45E9-8FA6-94D0434F36B3}"
EndProject
Project("{FAE04EC0-301F-11D3-BF4B-00C04F79EFBC}") = "TestEmployee", "TestEmployee\TestEmployee.csproj", "{BB0C343F-04EB-44F8-829B-FA6BB8C56445}"
EndProject
Global
	GlobalSection(SolutionConfigurationPlatforms) = preSolution
		Debug|Any CPU = Debug|Any CPU
		Release|Any CPU = Release|Any CPU
	EndGlobalSection
	GlobalSection(ProjectConfigurationPlatforms) = postSolution
		{55083A6E-F0F4-45E9-8FA6-94D0434F36B3}.Debug|Any CPU.ActiveCfg = Debug|Any CPU
		{55083A6E-F0F4-45E9-8FA6-94D0434F36B3}.Debug|Any CPU.Build.0 = Debug|Any CPU
		{55083A6E-F0F4-45E9-8FA6-94D0434F36B3}.Release|Any CPU.ActiveCfg = Release|Any CPU
		{55083A6E-F0F4-45E9-8FA6-94D0434F36B3}.Release|Any CPU.Build.0 = Release|Any CPU
		{BB0C343F-04EB-44F8-829B-FA6BB8C56445}.Debug|Any CPU.ActiveCfg = Debug|Any CPU
		{BB0C343F-04EB-44F8-829B-FA6BB8C56445}.Debug|Any CPU.Build.0 = Debug|Any CPU
		{BB0C343F-04EB-44F8-829B-FA6BB8C56445}.Release|Any CPU.ActiveCfg = Release|Any CPU
		{BB0C343F-04EB-44F8-829B-FA6BB8C56445}.Release|Any CPU.Build.0 = Release|Any CPU
	EndGlobalSection
	GlobalSection(SolutionProperties) = preSolution
		HideSolutionNode = FALSE
	EndGlobalSection
	GlobalSection(ExtensibilityGlobals) = postSolution
		SolutionGuid = {51B7F58B-6BB2-4B56-A1F3-8907652752E8}
	EndGlobalSection
EndGlobal
